
Microsoft Visual Studio Solution File, Format Version 12.00
# Visual Studio Version 16
VisualStudioVersion = 16.0.31129.286
MinimumVisualStudioVersion = 10.0.40219.1
Project("{FAE04EC0-301F-11D3-BF4B-00C04F79EFBC}") = "NetlineLogoWebApi", "NetlineLogoWebApi\NetlineLogoWebApi.csproj", "{B16F10B6-E4A0-477D-A0BF-8BCF624D9771}"
EndProject
Project("{FAE04EC0-301F-11D3-BF4B-00C04F79EFBC}") = "NetlineLogoWebApi.Tests", "NetlineLogoWebApi.Tests\NetlineLogoWebApi.Tests.csproj", "{7B2AF097-C949-4C08-B330-C51F81FF232F}"
EndProject
Project("{FAE04EC0-301F-11D3-BF4B-00C04F79EFBC}") = "WebApiModels", "WebApiModels\WebApiModels.csproj", "{3988B72F-FFF4-4320-9611-8CFC97AE7572}"
EndProject
Global
	GlobalSection(SolutionConfigurationPlatforms) = preSolution
		Debug|Any CPU = Debug|Any CPU
		Release|Any CPU = Release|Any CPU
	EndGlobalSection
	GlobalSection(ProjectConfigurationPlatforms) = postSolution
		{B16F10B6-E4A0-477D-A0BF-8BCF624D9771}.Debug|Any CPU.ActiveCfg = Debug|Any CPU
		{B16F10B6-E4A0-477D-A0BF-8BCF624D9771}.Debug|Any CPU.Build.0 = Debug|Any CPU
		{B16F10B6-E4A0-477D-A0BF-8BCF624D9771}.Release|Any CPU.ActiveCfg = Release|Any CPU
		{B16F10B6-E4A0-477D-A0BF-8BCF624D9771}.Release|Any CPU.Build.0 = Release|Any CPU
		{7B2AF097-C949-4C08-B330-C51F81FF232F}.Debug|Any CPU.ActiveCfg = Debug|Any CPU
		{7B2AF097-C949-4C08-B330-C51F81FF232F}.Debug|Any CPU.Build.0 = Debug|Any CPU
		{7B2AF097-C949-4C08-B330-C51F81FF232F}.Release|Any CPU.ActiveCfg = Release|Any CPU
		{7B2AF097-C949-4C08-B330-C51F81FF232F}.Release|Any CPU.Build.0 = Release|Any CPU
		{3988B72F-FFF4-4320-9611-8CFC97AE7572}.Debug|Any CPU.ActiveCfg = Debug|Any CPU
		{3988B72F-FFF4-4320-9611-8CFC97AE7572}.Debug|Any CPU.Build.0 = Debug|Any CPU
		{3988B72F-FFF4-4320-9611-8CFC97AE7572}.Release|Any CPU.ActiveCfg = Release|Any CPU
		{3988B72F-FFF4-4320-9611-8CFC97AE7572}.Release|Any CPU.Build.0 = Release|Any CPU
	EndGlobalSection
	GlobalSection(SolutionProperties) = preSolution
		HideSolutionNode = FALSE
	EndGlobalSection
	GlobalSection(ExtensibilityGlobals) = postSolution
		SolutionGuid = {F8BF2B5E-FB9B-42C5-83B8-8E005200B794}
	EndGlobalSection
EndGlobal
